
Microsoft Visual Studio Solution File, Format Version 12.00
# Visual Studio Version 17
VisualStudioVersion = 17.11.35431.28
MinimumVisualStudioVersion = 10.0.40219.1
Project("{FAE04EC0-301F-11D3-BF4B-00C04F79EFBC}") = "WebAPI", "WebAPI\WebAPI.csproj", "{37B40117-7771-4853-9E88-95AC5038D2EF}"
EndProject
Project("{FAE04EC0-301F-11D3-BF4B-00C04F79EFBC}") = "Dumitriu_Constantin_Lab11", "Dumitriu_Constantin_Lab11\Dumitriu_Constantin_Lab11.csproj", "{54835DD3-24FA-4518-9B2F-85AC5A76ADA2}"
EndProject
Global
	GlobalSection(SolutionConfigurationPlatforms) = preSolution
		Debug|Any CPU = Debug|Any CPU
		Release|Any CPU = Release|Any CPU
	EndGlobalSection
	GlobalSection(ProjectConfigurationPlatforms) = postSolution
		{37B40117-7771-4853-9E88-95AC5038D2EF}.Debug|Any CPU.ActiveCfg = Debug|Any CPU
		{37B40117-7771-4853-9E88-95AC5038D2EF}.Debug|Any CPU.Build.0 = Debug|Any CPU
		{37B40117-7771-4853-9E88-95AC5038D2EF}.Release|Any CPU.ActiveCfg = Release|Any CPU
		{37B40117-7771-4853-9E88-95AC5038D2EF}.Release|Any CPU.Build.0 = Release|Any CPU
		{54835DD3-24FA-4518-9B2F-85AC5A76ADA2}.Debug|Any CPU.ActiveCfg = Debug|Any CPU
		{54835DD3-24FA-4518-9B2F-85AC5A76ADA2}.Debug|Any CPU.Build.0 = Debug|Any CPU
		{54835DD3-24FA-4518-9B2F-85AC5A76ADA2}.Debug|Any CPU.Deploy.0 = Debug|Any CPU
		{54835DD3-24FA-4518-9B2F-85AC5A76ADA2}.Release|Any CPU.ActiveCfg = Release|Any CPU
		{54835DD3-24FA-4518-9B2F-85AC5A76ADA2}.Release|Any CPU.Build.0 = Release|Any CPU
		{54835DD3-24FA-4518-9B2F-85AC5A76ADA2}.Release|Any CPU.Deploy.0 = Release|Any CPU
	EndGlobalSection
	GlobalSection(SolutionProperties) = preSolution
		HideSolutionNode = FALSE
	EndGlobalSection
	GlobalSection(ExtensibilityGlobals) = postSolution
		SolutionGuid = {161C0864-551D-48CF-B141-A74B35CEC7DE}
	EndGlobalSection
EndGlobal
